
Microsoft Visual Studio Solution File, Format Version 12.00
# Visual Studio Version 17
VisualStudioVersion = 17.0.31919.166
MinimumVisualStudioVersion = 10.0.40219.1
Project("{9A19103F-16F7-4668-BE54-9A1E7A4F7556}") = "PawnShop", "Pawnshop\PawnShop\PawnShop.csproj", "{247E3123-CF58-41BA-B1DF-0FA17AF0B64F}"
EndProject
Project("{9A19103F-16F7-4668-BE54-9A1E7A4F7556}") = "PawnShop.Core", "PawnShop.Core\PawnShop.Core.csproj", "{CC2DB7B8-C91C-4AB1-8AC7-95D69E440BE5}"
EndProject
Project("{2150E333-8FDC-42A3-9474-1A3956D46DE8}") = "Modules", "Modules", "{32393005-C24E-464A-AC8E-A44B41CF446D}"
EndProject
Project("{9A19103F-16F7-4668-BE54-9A1E7A4F7556}") = "PawnShop.Modules.Login", "Modules\PawnShop.Modules.Login\PawnShop.Modules.Login.csproj", "{50E287D0-47AF-4E06-9472-7F446FBF5CCA}"
EndProject
Project("{9A19103F-16F7-4668-BE54-9A1E7A4F7556}") = "PawnShop.Services", "PawnShop.Services\PawnShop.Services.csproj", "{A88F8F29-3F47-456D-983E-40719376553F}"
EndProject
Project("{9A19103F-16F7-4668-BE54-9A1E7A4F7556}") = "PawnShop.Controls", "PawnShop.Controls\PawnShop.Controls.csproj", "{05E43616-3CD4-457C-96B5-F8447CCBBC46}"
EndProject
Project("{9A19103F-16F7-4668-BE54-9A1E7A4F7556}") = "PawnShop.DataAccess", "PawnShop.DataAccess\PawnShop.DataAccess.csproj", "{D56E67AF-80C6-4517-A031-30561680A85B}"
EndProject
Project("{9A19103F-16F7-4668-BE54-9A1E7A4F7556}") = "Testing", "Testing\Testing.csproj", "{14851750-CF6C-4140-80B7-B379E64E2363}"
EndProject
Project("{9A19103F-16F7-4668-BE54-9A1E7A4F7556}") = "PawnShop.Business", "PawnShop.Business\PawnShop.Business.csproj", "{95BE4BE7-3F83-460E-863D-F3B5859B56D5}"
EndProject
Project("{9A19103F-16F7-4668-BE54-9A1E7A4F7556}") = "PawnShop.Exceptions", "PawnShop.Exceptions\PawnShop.Exceptions.csproj", "{F13E066A-468D-422C-B339-F754BDF76970}"
EndProject
Project("{9A19103F-16F7-4668-BE54-9A1E7A4F7556}") = "PawnShop.Modules.Contract", "Modules\PawnShop.Modules.Contract\PawnShop.Modules.Contract.csproj", "{BB61FB7A-C7C5-411D-8688-3D63F32D3CF1}"
EndProject
Project("{9A19103F-16F7-4668-BE54-9A1E7A4F7556}") = "PawnShop.Modules.Home", "Modules\PawnShop.Modules.Home\PawnShop.Modules.Home.csproj", "{AA05DAB1-841E-42C1-A843-5C53115BB2A0}"
EndProject
Project("{9A19103F-16F7-4668-BE54-9A1E7A4F7556}") = "PawnShop.Modules.Client", "Modules\PawnShop.Modules.Client\PawnShop.Modules.Client.csproj", "{834BA8A5-439D-4007-BA94-AD15FEA3AC18}"
EndProject
Project("{9A19103F-16F7-4668-BE54-9A1E7A4F7556}") = "PawnShop.Modules.Settings", "Modules\PawnShop.Modules.Settings\PawnShop.Modules.Settings.csproj", "{EB1237F4-449D-48E8-A5AD-BB464CBBFF89}"
EndProject
Project("{9A19103F-16F7-4668-BE54-9A1E7A4F7556}") = "PawnShop.Modules.Worker", "Modules\PawnShop.Modules.Worker\PawnShop.Modules.Worker.csproj", "{72429482-58F1-4511-94B4-C33BE710BE15}"
EndProject
Project("{9A19103F-16F7-4668-BE54-9A1E7A4F7556}") = "PawnShop.Modules.Sale", "Modules\PawnShop.Modules.Sale\PawnShop.Modules.Sale.csproj", "{4948AEEF-84EB-465B-8428-CBE17BA38956}"
EndProject
Project("{9A19103F-16F7-4668-BE54-9A1E7A4F7556}") = "PawnShop.Modules.Commodity", "Modules\PawnShop.Modules.Commodity\PawnShop.Modules.Commodity.csproj", "{1BBF36BD-CD17-4520-AF6E-EDAB1DA34497}"
EndProject
Project("{2150E333-8FDC-42A3-9474-1A3956D46DE8}") = "UnitTests", "UnitTests", "{269E35E1-2A0F-4D32-BFCB-5891C4455E84}"
EndProject
Project("{9A19103F-16F7-4668-BE54-9A1E7A4F7556}") = "PawnShop.Modules.Login.UnitTests", "UnitTests\PawnShop.Modules.Login.Tests\PawnShop.Modules.Login.UnitTests.csproj", "{C0D5074D-572A-4744-8B54-1D63900C80FB}"
EndProject
Project("{9A19103F-16F7-4668-BE54-9A1E7A4F7556}") = "PawnShop.Modules.Contract.UnitTests", "UnitTests\PawnShop.Modules.Contract.Tests\PawnShop.Modules.Contract.UnitTests.csproj", "{CC0D772A-693B-4149-AA46-AC0101F7DEF8}"
EndProject
Project("{2150E333-8FDC-42A3-9474-1A3956D46DE8}") = "IntegrationTests", "IntegrationTests", "{6A6A5711-2B14-422C-A6AF-4CE18227AD14}"
EndProject
Project("{9A19103F-16F7-4668-BE54-9A1E7A4F7556}") = "PawnShop.Modules.Login.IntegrationTests", "IntegrationTests\PawnShop.Modules.Login.IntegrationTests\PawnShop.Modules.Login.IntegrationTests.csproj", "{5FD3F5A8-1128-47DB-A5ED-521398A6C962}"
EndProject
Project("{9A19103F-16F7-4668-BE54-9A1E7A4F7556}") = "IntegrationTests.Base", "IntegrationTests\IntegrationTests.Base\IntegrationTests.Base.csproj", "{A618DDD6-C3D9-4A37-9665-F0FE7CDA7D55}"
EndProject
Project("{9A19103F-16F7-4668-BE54-9A1E7A4F7556}") = "PawnShop.Modules.Contract.IntegrationTests", "IntegrationTests\PawnShop.Modules.Contract.IntegrationTests\PawnShop.Modules.Contract.IntegrationTests.csproj", "{D3B37631-6D85-451E-9BD9-788A492A0A1C}"
EndProject
Project("{9A19103F-16F7-4668-BE54-9A1E7A4F7556}") = "PawnShop.Services.UnitTests", "UnitTests\PawnShop.Services.UnitTests\PawnShop.Services.UnitTests.csproj", "{4AE416C9-1EFD-492F-A631-3E5462B98F2F}"
EndProject
Project("{54435603-DBB4-11D2-8724-00A0C9A8B90C}") = "Pawnshop.Setup", "Pawnshop.Setup\Pawnshop.Setup.vdproj", "{62E78BA1-A67A-4961-B568-CBAEFD60555E}"
EndProject
Project("{FAE04EC0-301F-11D3-BF4B-00C04F79EFBC}") = "Pawnshop.Setup.Scripts", "Pawnshop.Setup.Scripts\Pawnshop.Setup.Scripts.csproj", "{ADCDFEAC-A28F-4715-8B28-5F0B76D7D487}"
EndProject
Global
	GlobalSection(SolutionConfigurationPlatforms) = preSolution
		Debug|Any CPU = Debug|Any CPU
		Release|Any CPU = Release|Any CPU
	EndGlobalSection
	GlobalSection(ProjectConfigurationPlatforms) = postSolution
		{247E3123-CF58-41BA-B1DF-0FA17AF0B64F}.Debug|Any CPU.ActiveCfg = Debug|Any CPU
		{247E3123-CF58-41BA-B1DF-0FA17AF0B64F}.Debug|Any CPU.Build.0 = Debug|Any CPU
		{247E3123-CF58-41BA-B1DF-0FA17AF0B64F}.Release|Any CPU.ActiveCfg = Release|Any CPU
		{247E3123-CF58-41BA-B1DF-0FA17AF0B64F}.Release|Any CPU.Build.0 = Release|Any CPU
		{CC2DB7B8-C91C-4AB1-8AC7-95D69E440BE5}.Debug|Any CPU.ActiveCfg = Debug|Any CPU
		{CC2DB7B8-C91C-4AB1-8AC7-95D69E440BE5}.Debug|Any CPU.Build.0 = Debug|Any CPU
		{CC2DB7B8-C91C-4AB1-8AC7-95D69E440BE5}.Release|Any CPU.ActiveCfg = Release|Any CPU
		{CC2DB7B8-C91C-4AB1-8AC7-95D69E440BE5}.Release|Any CPU.Build.0 = Release|Any CPU
		{50E287D0-47AF-4E06-9472-7F446FBF5CCA}.Debug|Any CPU.ActiveCfg = Debug|Any CPU
		{50E287D0-47AF-4E06-9472-7F446FBF5CCA}.Debug|Any CPU.Build.0 = Debug|Any CPU
		{50E287D0-47AF-4E06-9472-7F446FBF5CCA}.Release|Any CPU.ActiveCfg = Release|Any CPU
		{50E287D0-47AF-4E06-9472-7F446FBF5CCA}.Release|Any CPU.Build.0 = Release|Any CPU
		{A88F8F29-3F47-456D-983E-40719376553F}.Debug|Any CPU.ActiveCfg = Debug|Any CPU
		{A88F8F29-3F47-456D-983E-40719376553F}.Debug|Any CPU.Build.0 = Debug|Any CPU
		{A88F8F29-3F47-456D-983E-40719376553F}.Release|Any CPU.ActiveCfg = Release|Any CPU
		{A88F8F29-3F47-456D-983E-40719376553F}.Release|Any CPU.Build.0 = Release|Any CPU
		{05E43616-3CD4-457C-96B5-F8447CCBBC46}.Debug|Any CPU.ActiveCfg = Debug|Any CPU
		{05E43616-3CD4-457C-96B5-F8447CCBBC46}.Debug|Any CPU.Build.0 = Debug|Any CPU
		{05E43616-3CD4-457C-96B5-F8447CCBBC46}.Release|Any CPU.ActiveCfg = Release|Any CPU
		{05E43616-3CD4-457C-96B5-F8447CCBBC46}.Release|Any CPU.Build.0 = Release|Any CPU
		{D56E67AF-80C6-4517-A031-30561680A85B}.Debug|Any CPU.ActiveCfg = Debug|Any CPU
		{D56E67AF-80C6-4517-A031-30561680A85B}.Debug|Any CPU.Build.0 = Debug|Any CPU
		{D56E67AF-80C6-4517-A031-30561680A85B}.Release|Any CPU.ActiveCfg = Release|Any CPU
		{D56E67AF-80C6-4517-A031-30561680A85B}.Release|Any CPU.Build.0 = Release|Any CPU
		{14851750-CF6C-4140-80B7-B379E64E2363}.Debug|Any CPU.ActiveCfg = Debug|Any CPU
		{14851750-CF6C-4140-80B7-B379E64E2363}.Debug|Any CPU.Build.0 = Debug|Any CPU
		{14851750-CF6C-4140-80B7-B379E64E2363}.Release|Any CPU.ActiveCfg = Release|Any CPU
		{14851750-CF6C-4140-80B7-B379E64E2363}.Release|Any CPU.Build.0 = Release|Any CPU
		{95BE4BE7-3F83-460E-863D-F3B5859B56D5}.Debug|Any CPU.ActiveCfg = Debug|Any CPU
		{95BE4BE7-3F83-460E-863D-F3B5859B56D5}.Debug|Any CPU.Build.0 = Debug|Any CPU
		{95BE4BE7-3F83-460E-863D-F3B5859B56D5}.Release|Any CPU.ActiveCfg = Release|Any CPU
		{95BE4BE7-3F83-460E-863D-F3B5859B56D5}.Release|Any CPU.Build.0 = Release|Any CPU
		{F13E066A-468D-422C-B339-F754BDF76970}.Debug|Any CPU.ActiveCfg = Debug|Any CPU
		{F13E066A-468D-422C-B339-F754BDF76970}.Debug|Any CPU.Build.0 = Debug|Any CPU
		{F13E066A-468D-422C-B339-F754BDF76970}.Release|Any CPU.ActiveCfg = Release|Any CPU
		{F13E066A-468D-422C-B339-F754BDF76970}.Release|Any CPU.Build.0 = Release|Any CPU
		{BB61FB7A-C7C5-411D-8688-3D63F32D3CF1}.Debug|Any CPU.ActiveCfg = Debug|Any CPU
		{BB61FB7A-C7C5-411D-8688-3D63F32D3CF1}.Debug|Any CPU.Build.0 = Debug|Any CPU
		{BB61FB7A-C7C5-411D-8688-3D63F32D3CF1}.Release|Any CPU.ActiveCfg = Release|Any CPU
		{BB61FB7A-C7C5-411D-8688-3D63F32D3CF1}.Release|Any CPU.Build.0 = Release|Any CPU
		{AA05DAB1-841E-42C1-A843-5C53115BB2A0}.Debug|Any CPU.ActiveCfg = Debug|Any CPU
		{AA05DAB1-841E-42C1-A843-5C53115BB2A0}.Debug|Any CPU.Build.0 = Debug|Any CPU
		{AA05DAB1-841E-42C1-A843-5C53115BB2A0}.Release|Any CPU.ActiveCfg = Release|Any CPU
		{AA05DAB1-841E-42C1-A843-5C53115BB2A0}.Release|Any CPU.Build.0 = Release|Any CPU
		{834BA8A5-439D-4007-BA94-AD15FEA3AC18}.Debug|Any CPU.ActiveCfg = Debug|Any CPU
		{834BA8A5-439D-4007-BA94-AD15FEA3AC18}.Debug|Any CPU.Build.0 = Debug|Any CPU
		{834BA8A5-439D-4007-BA94-AD15FEA3AC18}.Release|Any CPU.ActiveCfg = Release|Any CPU
		{834BA8A5-439D-4007-BA94-AD15FEA3AC18}.Release|Any CPU.Build.0 = Release|Any CPU
		{EB1237F4-449D-48E8-A5AD-BB464CBBFF89}.Debug|Any CPU.ActiveCfg = Debug|Any CPU
		{EB1237F4-449D-48E8-A5AD-BB464CBBFF89}.Debug|Any CPU.Build.0 = Debug|Any CPU
		{EB1237F4-449D-48E8-A5AD-BB464CBBFF89}.Release|Any CPU.ActiveCfg = Release|Any CPU
		{EB1237F4-449D-48E8-A5AD-BB464CBBFF89}.Release|Any CPU.Build.0 = Release|Any CPU
		{72429482-58F1-4511-94B4-C33BE710BE15}.Debug|Any CPU.ActiveCfg = Debug|Any CPU
		{72429482-58F1-4511-94B4-C33BE710BE15}.Debug|Any CPU.Build.0 = Debug|Any CPU
		{72429482-58F1-4511-94B4-C33BE710BE15}.Release|Any CPU.ActiveCfg = Release|Any CPU
		{72429482-58F1-4511-94B4-C33BE710BE15}.Release|Any CPU.Build.0 = Release|Any CPU
		{4948AEEF-84EB-465B-8428-CBE17BA38956}.Debug|Any CPU.ActiveCfg = Debug|Any CPU
		{4948AEEF-84EB-465B-8428-CBE17BA38956}.Debug|Any CPU.Build.0 = Debug|Any CPU
		{4948AEEF-84EB-465B-8428-CBE17BA38956}.Release|Any CPU.ActiveCfg = Release|Any CPU
		{4948AEEF-84EB-465B-8428-CBE17BA38956}.Release|Any CPU.Build.0 = Release|Any CPU
		{1BBF36BD-CD17-4520-AF6E-EDAB1DA34497}.Debug|Any CPU.ActiveCfg = Debug|Any CPU
		{1BBF36BD-CD17-4520-AF6E-EDAB1DA34497}.Debug|Any CPU.Build.0 = Debug|Any CPU
		{1BBF36BD-CD17-4520-AF6E-EDAB1DA34497}.Release|Any CPU.ActiveCfg = Release|Any CPU
		{1BBF36BD-CD17-4520-AF6E-EDAB1DA34497}.Release|Any CPU.Build.0 = Release|Any CPU
		{C0D5074D-572A-4744-8B54-1D63900C80FB}.Debug|Any CPU.ActiveCfg = Debug|Any CPU
		{C0D5074D-572A-4744-8B54-1D63900C80FB}.Debug|Any CPU.Build.0 = Debug|Any CPU
		{C0D5074D-572A-4744-8B54-1D63900C80FB}.Release|Any CPU.ActiveCfg = Release|Any CPU
		{C0D5074D-572A-4744-8B54-1D63900C80FB}.Release|Any CPU.Build.0 = Release|Any CPU
		{CC0D772A-693B-4149-AA46-AC0101F7DEF8}.Debug|Any CPU.ActiveCfg = Debug|Any CPU
		{CC0D772A-693B-4149-AA46-AC0101F7DEF8}.Debug|Any CPU.Build.0 = Debug|Any CPU
		{CC0D772A-693B-4149-AA46-AC0101F7DEF8}.Release|Any CPU.ActiveCfg = Release|Any CPU
		{CC0D772A-693B-4149-AA46-AC0101F7DEF8}.Release|Any CPU.Build.0 = Release|Any CPU
		{5FD3F5A8-1128-47DB-A5ED-521398A6C962}.Debug|Any CPU.ActiveCfg = Debug|Any CPU
		{5FD3F5A8-1128-47DB-A5ED-521398A6C962}.Debug|Any CPU.Build.0 = Debug|Any CPU
		{5FD3F5A8-1128-47DB-A5ED-521398A6C962}.Release|Any CPU.ActiveCfg = Release|Any CPU
		{5FD3F5A8-1128-47DB-A5ED-521398A6C962}.Release|Any CPU.Build.0 = Release|Any CPU
		{A618DDD6-C3D9-4A37-9665-F0FE7CDA7D55}.Debug|Any CPU.ActiveCfg = Debug|Any CPU
		{A618DDD6-C3D9-4A37-9665-F0FE7CDA7D55}.Debug|Any CPU.Build.0 = Debug|Any CPU
		{A618DDD6-C3D9-4A37-9665-F0FE7CDA7D55}.Release|Any CPU.ActiveCfg = Release|Any CPU
		{A618DDD6-C3D9-4A37-9665-F0FE7CDA7D55}.Release|Any CPU.Build.0 = Release|Any CPU
		{D3B37631-6D85-451E-9BD9-788A492A0A1C}.Debug|Any CPU.ActiveCfg = Debug|Any CPU
		{D3B37631-6D85-451E-9BD9-788A492A0A1C}.Debug|Any CPU.Build.0 = Debug|Any CPU
		{D3B37631-6D85-451E-9BD9-788A492A0A1C}.Release|Any CPU.ActiveCfg = Release|Any CPU
		{D3B37631-6D85-451E-9BD9-788A492A0A1C}.Release|Any CPU.Build.0 = Release|Any CPU
		{4AE416C9-1EFD-492F-A631-3E5462B98F2F}.Debug|Any CPU.ActiveCfg = Debug|Any CPU
		{4AE416C9-1EFD-492F-A631-3E5462B98F2F}.Debug|Any CPU.Build.0 = Debug|Any CPU
		{4AE416C9-1EFD-492F-A631-3E5462B98F2F}.Release|Any CPU.ActiveCfg = Release|Any CPU
		{4AE416C9-1EFD-492F-A631-3E5462B98F2F}.Release|Any CPU.Build.0 = Release|Any CPU
		{62E78BA1-A67A-4961-B568-CBAEFD60555E}.Debug|Any CPU.ActiveCfg = Debug
		{62E78BA1-A67A-4961-B568-CBAEFD60555E}.Release|Any CPU.ActiveCfg = Release
		{ADCDFEAC-A28F-4715-8B28-5F0B76D7D487}.Debug|Any CPU.ActiveCfg = Debug|Any CPU
		{ADCDFEAC-A28F-4715-8B28-5F0B76D7D487}.Debug|Any CPU.Build.0 = Debug|Any CPU
		{ADCDFEAC-A28F-4715-8B28-5F0B76D7D487}.Release|Any CPU.ActiveCfg = Release|Any CPU
		{ADCDFEAC-A28F-4715-8B28-5F0B76D7D487}.Release|Any CPU.Build.0 = Release|Any CPU
	EndGlobalSection
	GlobalSection(SolutionProperties) = preSolution
		HideSolutionNode = FALSE
	EndGlobalSection
	GlobalSection(NestedProjects) = preSolution
		{50E287D0-47AF-4E06-9472-7F446FBF5CCA} = {32393005-C24E-464A-AC8E-A44B41CF446D}
		{BB61FB7A-C7C5-411D-8688-3D63F32D3CF1} = {32393005-C24E-464A-AC8E-A44B41CF446D}
		{AA05DAB1-841E-42C1-A843-5C53115BB2A0} = {32393005-C24E-464A-AC8E-A44B41CF446D}
		{834BA8A5-439D-4007-BA94-AD15FEA3AC18} = {32393005-C24E-464A-AC8E-A44B41CF446D}
		{EB1237F4-449D-48E8-A5AD-BB464CBBFF89} = {32393005-C24E-464A-AC8E-A44B41CF446D}
		{72429482-58F1-4511-94B4-C33BE710BE15} = {32393005-C24E-464A-AC8E-A44B41CF446D}
		{4948AEEF-84EB-465B-8428-CBE17BA38956} = {32393005-C24E-464A-AC8E-A44B41CF446D}
		{1BBF36BD-CD17-4520-AF6E-EDAB1DA34497} = {32393005-C24E-464A-AC8E-A44B41CF446D}
		{C0D5074D-572A-4744-8B54-1D63900C80FB} = {269E35E1-2A0F-4D32-BFCB-5891C4455E84}
		{CC0D772A-693B-4149-AA46-AC0101F7DEF8} = {269E35E1-2A0F-4D32-BFCB-5891C4455E84}
		{5FD3F5A8-1128-47DB-A5ED-521398A6C962} = {6A6A5711-2B14-422C-A6AF-4CE18227AD14}
		{A618DDD6-C3D9-4A37-9665-F0FE7CDA7D55} = {6A6A5711-2B14-422C-A6AF-4CE18227AD14}
		{D3B37631-6D85-451E-9BD9-788A492A0A1C} = {6A6A5711-2B14-422C-A6AF-4CE18227AD14}
		{4AE416C9-1EFD-492F-A631-3E5462B98F2F} = {269E35E1-2A0F-4D32-BFCB-5891C4455E84}
	EndGlobalSection
	GlobalSection(ExtensibilityGlobals) = postSolution
		SolutionGuid = {E5606074-19E1-41E2-9357-80CDE5DA40C1}
	EndGlobalSection
EndGlobal
